PODS:
  - app_links (6.4.1):
    - Flutter
  - AppAuth (2.1.0):
    - AppAuth/Core (= 2.1.0)
    - AppAuth/ExternalUserAgent (= 2.1.0)
  - AppAuth/Core (2.1.0)
  - AppAuth/ExternalUserAgent (2.1.0):
    - AppAuth/Core
  - AppCheckCore (11.3.1):
    - GoogleUtilities/Environment (~> 8.0)
    - GoogleUtilities/UserDefaults (~> 8.0)
    - PromisesObjC (~> 2.4)
    - PromisesSwift (~> 2.4)
    - RecaptchaInterop (~> 101.0)
  - battery_plus (1.0.0):
    - Flutter
  - better_player_plus (1.1.2):
    - Cache (~> 6.0.0)
    - Flutter
    - GCDWebServer
    - HLSCachingReverseProxyServer
    - PINCache
  - Cache (6.0.0)
  - CocoaLumberjack (3.9.1):
    - CocoaLumberjack/Core (= 3.9.1)
  - CocoaLumberjack/Core (3.9.1)
  - connectivity_plus (0.0.1):
    - Flutter
  - cupertino_native_better (0.0.1):
    - Flutter
    - SVGKit (~> 3.0)
  - FBAEMKit (18.0.2):
    - FBSDKCoreKit_Basics (= 18.0.2)
  - FBSDKCoreKit (18.0.2):
    - FBAEMKit (= 18.0.2)
    - FBSDKCoreKit_Basics (= 18.0.2)
  - FBSDKCoreKit_Basics (18.0.2)
  - FBSDKLoginKit (18.0.2):
    - FBSDKCoreKit (= 18.0.2)
  - Firebase/CoreOnly (12.18.0):
    - FirebaseCore (~> 12.18.0)
  - Firebase/Crashlytics (12.18.0):
    - Firebase/CoreOnly
    - FirebaseCrashlytics (~> 12.18.0)
  - firebase_analytics (12.5.0):
    - firebase_core
    - FirebaseAnalytics (= 12.18.0)
    - Flutter
  - firebase_core (4.14.0):
    - Firebase/CoreOnly (= 12.18.0)
    - Flutter
  - firebase_crashlytics (5.3.0):
    - Firebase/Crashlytics (= 12.18.0)
    - firebase_core
    - Flutter
  - FirebaseAnalytics (12.18.0):
    - FirebaseAnalytics/Default (= 12.18.0)
    - FirebaseCore (~> 12.18.0)
    - FirebaseInstallations (~> 12.18.0)
    - GoogleUtilities/AppDelegateSwizzler (~> 8.1)
    - GoogleUtilities/MethodSwizzler (~> 8.1)
    - GoogleUtilities/Network (~> 8.1)
    - "GoogleUtilities/NSData+zlib (~> 8.1)"
    - nanopb (~> 3.30910.0)
  - FirebaseAnalytics/Default (12.18.0):
    - FirebaseCore (~> 12.18.0)
    - FirebaseInstallations (~> 12.18.0)
    - GoogleAppMeasurement/Default (= 12.18.0)
    - GoogleUtilities/AppDelegateSwizzler (~> 8.1)
    - GoogleUtilities/MethodSwizzler (~> 8.1)
    - GoogleUtilities/Network (~> 8.1)
    - "GoogleUtilities/NSData+zlib (~> 8.1)"
    - nanopb (~> 3.30910.0)
  - FirebaseCore (12.18.0):
    - FirebaseCoreInternal (~> 12.18.0)
    - GoogleUtilities/Environment (~> 8.1)
    - GoogleUtilities/Logger (~> 8.1)
  - FirebaseCoreExtension (12.18.0):
    - FirebaseCore (~> 12.18.0)
  - FirebaseCoreInternal (12.18.0):
    - "GoogleUtilities/NSData+zlib (~> 8.1)"
  - FirebaseCrashlytics (12.18.0):
    - FirebaseCore (~> 12.18.0)
    - FirebaseInstallations (~> 12.18.0)
    - FirebaseRemoteConfigInterop (~> 12.18.0)
    - FirebaseSessions (~> 12.18.0)
    - GoogleDataTransport (~> 10.1)
    - GoogleUtilities/Environment (~> 8.1)
    - nanopb (~> 3.30910.0)
    - PromisesObjC (~> 2.4)
  - FirebaseInstallations (12.18.0):
    - FirebaseCore (~> 12.18.0)
    - GoogleUtilities/Environment (~> 8.1)
    - GoogleUtilities/UserDefaults (~> 8.1)
    - PromisesObjC (~> 2.4)
  - FirebaseRemoteConfigInterop (12.18.0)
  - FirebaseSessions (12.18.0):
    - FirebaseCore (~> 12.18.0)
    - FirebaseCoreExtension (~> 12.18.0)
    - FirebaseInstallations (~> 12.18.0)
    - GoogleDataTransport (~> 10.1)
    - GoogleUtilities/Environment (~> 8.1)
    - GoogleUtilities/UserDefaults (~> 8.1)
    - nanopb (~> 3.30910.0)
    - PromisesSwift (~> 2.1)
  - Flutter (1.0.0)
  - flutter_facebook_auth (7.1.5):
    - FBSDKLoginKit (= 18.0.2)
    - Flutter
  - flutter_inappwebview_ios (0.0.1):
    - Flutter
    - flutter_inappwebview_ios/Core (= 0.0.1)
    - OrderedSet (~> 6.0.3)
  - flutter_inappwebview_ios/Core (0.0.1):
    - Flutter
    - OrderedSet (~> 6.0.3)
  - flutter_local_notifications (0.0.1):
    - Flutter
  - flutter_native_splash (2.4.3):
    - Flutter
  - flutter_secure_storage (6.0.0):
    - Flutter
  - GCDWebServer (3.5.4):
    - GCDWebServer/Core (= 3.5.4)
  - GCDWebServer/Core (3.5.4)
  - google_sign_in_ios (0.0.1):
    - Flutter
    - FlutterMacOS
    - GoogleSignIn (~> 9.0)
    - GTMSessionFetcher (>= 3.4.0)
  - GoogleAdsOnDeviceConversion (3.6.1):
    - GoogleUtilities/Environment (~> 8.1)
    - GoogleUtilities/Logger (~> 8.1)
    - GoogleUtilities/Network (~> 8.1)
    - nanopb (~> 3.30910.0)
  - GoogleAppMeasurement/Core (12.18.0):
    - GoogleUtilities/AppDelegateSwizzler (~> 8.1)
    - GoogleUtilities/MethodSwizzler (~> 8.1)
    - GoogleUtilities/Network (~> 8.1)
    - "GoogleUtilities/NSData+zlib (~> 8.1)"
    - nanopb (~> 3.30910.0)
  - GoogleAppMeasurement/Default (12.18.0):
    - GoogleAdsOnDeviceConversion (~> 3.6.0)
    - GoogleAppMeasurement/Core (= 12.18.0)
    - GoogleAppMeasurement/IdentitySupport (= 12.18.0)
    - GoogleUtilities/AppDelegateSwizzler (~> 8.1)
    - GoogleUtilities/MethodSwizzler (~> 8.1)
    - GoogleUtilities/Network (~> 8.1)
    - "GoogleUtilities/NSData+zlib (~> 8.1)"
    - nanopb (~> 3.30910.0)
  - GoogleAppMeasurement/IdentitySupport (12.18.0):
    - GoogleAppMeasurement/Core (= 12.18.0)
    - GoogleUtilities/AppDelegateSwizzler (~> 8.1)
    - GoogleUtilities/MethodSwizzler (~> 8.1)
    - GoogleUtilities/Network (~> 8.1)
    - "GoogleUtilities/NSData+zlib (~> 8.1)"
    - nanopb (~> 3.30910.0)
  - GoogleDataTransport (10.1.1):
    - nanopb (~> 3.30910.0)
    - PromisesObjC (~> 2.4)
  - GoogleSignIn (9.2.0):
    - AppAuth (~> 2.1)
    - AppCheckCore (~> 11.0)
    - GTMAppAuth (~> 5.0)
    - GTMSessionFetcher/Core (~> 3.3)
  - GoogleUtilities/AppDelegateSwizzler (8.1.2):
    - GoogleUtilities/Environment
    - GoogleUtilities/Logger
    - GoogleUtilities/Network
    - GoogleUtilities/Privacy
  - GoogleUtilities/Environment (8.1.2):
    - GoogleUtilities/Privacy
  - GoogleUtilities/Logger (8.1.2):
    - GoogleUtilities/Environment
    - GoogleUtilities/Privacy
  - GoogleUtilities/MethodSwizzler (8.1.2):
    - GoogleUtilities/Logger
    - GoogleUtilities/Privacy
  - GoogleUtilities/Network (8.1.2):
    - GoogleUtilities/Logger
    - "GoogleUtilities/NSData+zlib"
    - GoogleUtilities/Privacy
    - GoogleUtilities/Reachability
  - "GoogleUtilities/NSData+zlib (8.1.2)":
    - GoogleUtilities/Privacy
  - GoogleUtilities/Privacy (8.1.2)
  - GoogleUtilities/Reachability (8.1.2):
    - GoogleUtilities/Logger
    - GoogleUtilities/Privacy
  - GoogleUtilities/UserDefaults (8.1.2):
    - GoogleUtilities/Logger
    - GoogleUtilities/Privacy
  - GTMAppAuth (5.0.0):
    - AppAuth/Core (~> 2.0)
    - GTMSessionFetcher/Core (< 4.0, >= 3.3)
  - GTMSessionFetcher (3.5.0):
    - GTMSessionFetcher/Full (= 3.5.0)
  - GTMSessionFetcher/Core (3.5.0)
  - GTMSessionFetcher/Full (3.5.0):
    - GTMSessionFetcher/Core
  - HLSCachingReverseProxyServer (0.1.0):
    - GCDWebServer (~> 3.5)
    - PINCache (>= 3.0.1-beta.3)
  - image_cropper (0.0.4):
    - Flutter
    - TOCropViewController (~> 2.8.0)
  - image_picker_ios (0.0.1):
    - Flutter
  - libwebp (1.6.0):
    - libwebp/demux (= 1.6.0)
    - libwebp/mux (= 1.6.0)
    - libwebp/sharpyuv (= 1.6.0)
    - libwebp/webp (= 1.6.0)
  - libwebp/demux (1.6.0):
    - libwebp/webp
  - libwebp/mux (1.6.0):
    - libwebp/demux
  - libwebp/sharpyuv (1.6.0)
  - libwebp/webp (1.6.0):
    - libwebp/sharpyuv
  - nanopb (3.30910.0):
    - nanopb/decode (= 3.30910.0)
    - nanopb/encode (= 3.30910.0)
  - nanopb/decode (3.30910.0)
  - nanopb/encode (3.30910.0)
  - OrderedSet (6.0.3)
  - package_info_plus (0.4.5):
    - Flutter
  - path_provider_foundation (0.0.1):
    - Flutter
    - FlutterMacOS
  - permission_handler_apple (9.4.8):
    - Flutter
  - PINCache (3.0.4):
    - PINCache/Arc-exception-safe (= 3.0.4)
    - PINCache/Core (= 3.0.4)
  - PINCache/Arc-exception-safe (3.0.4):
    - PINCache/Core
  - PINCache/Core (3.0.4):
    - PINOperation (~> 1.2.3)
  - PINOperation (1.2.3)
  - PromisesObjC (2.4.1)
  - PromisesSwift (2.4.1):
    - PromisesObjC (= 2.4.1)
  - RecaptchaInterop (101.0.0)
  - rive_native (0.0.1):
    - Flutter
  - share_plus (0.0.1):
    - Flutter
  - shared_preferences_foundation (0.0.1):
    - Flutter
    - FlutterMacOS
  - sqflite_darwin (0.0.4):
    - Flutter
    - FlutterMacOS
  - SVGKit (3.0.0):
    - CocoaLumberjack (~> 3.0)
  - TOCropViewController (2.8.0)
  - url_launcher_ios (0.0.1):
    - Flutter
  - video_player_avfoundation (0.0.1):
    - Flutter
    - FlutterMacOS
  - video_thumbnail (0.0.1):
    - Flutter
    - libwebp
  - wakelock_plus (0.0.1):
    - Flutter
  - workmanager_apple (0.0.1):
    - Flutter

DEPENDENCIES:
  - app_links (from `.symlinks/plugins/app_links/ios`)
  - battery_plus (from `.symlinks/plugins/battery_plus/ios`)
  - better_player_plus (from `.symlinks/plugins/better_player_plus/ios`)
  - connectivity_plus (from `.symlinks/plugins/connectivity_plus/ios`)
  - cupertino_native_better (from `.symlinks/plugins/cupertino_native_better/ios`)
  - firebase_analytics (from `.symlinks/plugins/firebase_analytics/ios`)
  - firebase_core (from `.symlinks/plugins/firebase_core/ios`)
  - firebase_crashlytics (from `.symlinks/plugins/firebase_crashlytics/ios`)
  - Flutter (from `Flutter`)
  - flutter_facebook_auth (from `.symlinks/plugins/flutter_facebook_auth/ios`)
  - flutter_inappwebview_ios (from `.symlinks/plugins/flutter_inappwebview_ios/ios`)
  - flutter_local_notifications (from `.symlinks/plugins/flutter_local_notifications/ios`)
  - flutter_native_splash (from `.symlinks/plugins/flutter_native_splash/ios`)
  - flutter_secure_storage (from `.symlinks/plugins/flutter_secure_storage/ios`)
  - google_sign_in_ios (from `.symlinks/plugins/google_sign_in_ios/darwin`)
  - image_cropper (from `.symlinks/plugins/image_cropper/ios`)
  - image_picker_ios (from `.symlinks/plugins/image_picker_ios/ios`)
  - package_info_plus (from `.symlinks/plugins/package_info_plus/ios`)
  - path_provider_foundation (from `.symlinks/plugins/path_provider_foundation/darwin`)
  - permission_handler_apple (from `.symlinks/plugins/permission_handler_apple/ios`)
  - rive_native (from `.symlinks/plugins/rive_native/ios`)
  - share_plus (from `.symlinks/plugins/share_plus/ios`)
  - shared_preferences_foundation (from `.symlinks/plugins/shared_preferences_foundation/darwin`)
  - sqflite_darwin (from `.symlinks/plugins/sqflite_darwin/darwin`)
  - url_launcher_ios (from `.symlinks/plugins/url_launcher_ios/ios`)
  - video_player_avfoundation (from `.symlinks/plugins/video_player_avfoundation/darwin`)
  - video_thumbnail (from `.symlinks/plugins/video_thumbnail/ios`)
  - wakelock_plus (from `.symlinks/plugins/wakelock_plus/ios`)
  - workmanager_apple (from `.symlinks/plugins/workmanager_apple/ios`)

SPEC REPOS:
  trunk:
    - AppAuth
    - AppCheckCore
    - Cache
    - CocoaLumberjack
    - FBAEMKit
    - FBSDKCoreKit
    - FBSDKCoreKit_Basics
    - FBSDKLoginKit
    - Firebase
    - FirebaseAnalytics
    - FirebaseCore
    - FirebaseCoreExtension
    - FirebaseCoreInternal
    - FirebaseCrashlytics
    - FirebaseInstallations
    - FirebaseRemoteConfigInterop
    - FirebaseSessions
    - GCDWebServer
    - GoogleAdsOnDeviceConversion
    - GoogleAppMeasurement
    - GoogleDataTransport
    - GoogleSignIn
    - GoogleUtilities
    - GTMAppAuth
    - GTMSessionFetcher
    - HLSCachingReverseProxyServer
    - libwebp
    - nanopb
    - OrderedSet
    - PINCache
    - PINOperation
    - PromisesObjC
    - PromisesSwift
    - RecaptchaInterop
    - SVGKit
    - TOCropViewController

EXTERNAL SOURCES:
  app_links:
    :path: ".symlinks/plugins/app_links/ios"
  battery_plus:
    :path: ".symlinks/plugins/battery_plus/ios"
  better_player_plus:
    :path: ".symlinks/plugins/better_player_plus/ios"
  connectivity_plus:
    :path: ".symlinks/plugins/connectivity_plus/ios"
  cupertino_native_better:
    :path: ".symlinks/plugins/cupertino_native_better/ios"
  firebase_analytics:
    :path: ".symlinks/plugins/firebase_analytics/ios"
  firebase_core:
    :path: ".symlinks/plugins/firebase_core/ios"
  firebase_crashlytics:
    :path: ".symlinks/plugins/firebase_crashlytics/ios"
  Flutter:
    :path: Flutter
  flutter_facebook_auth:
    :path: ".symlinks/plugins/flutter_facebook_auth/ios"
  flutter_inappwebview_ios:
    :path: ".symlinks/plugins/flutter_inappwebview_ios/ios"
  flutter_local_notifications:
    :path: ".symlinks/plugins/flutter_local_notifications/ios"
  flutter_native_splash:
    :path: ".symlinks/plugins/flutter_native_splash/ios"
  flutter_secure_storage:
    :path: ".symlinks/plugins/flutter_secure_storage/ios"
  google_sign_in_ios:
    :path: ".symlinks/plugins/google_sign_in_ios/darwin"
  image_cropper:
    :path: ".symlinks/plugins/image_cropper/ios"
  image_picker_ios:
    :path: ".symlinks/plugins/image_picker_ios/ios"
  package_info_plus:
    :path: ".symlinks/plugins/package_info_plus/ios"
  path_provider_foundation:
    :path: ".symlinks/plugins/path_provider_foundation/darwin"
  permission_handler_apple:
    :path: ".symlinks/plugins/permission_handler_apple/ios"
  rive_native:
    :path: ".symlinks/plugins/rive_native/ios"
  share_plus:
    :path: ".symlinks/plugins/share_plus/ios"
  shared_preferences_foundation:
    :path: ".symlinks/plugins/shared_preferences_foundation/darwin"
  sqflite_darwin:
    :path: ".symlinks/plugins/sqflite_darwin/darwin"
  url_launcher_ios:
    :path: ".symlinks/plugins/url_launcher_ios/ios"
  video_player_avfoundation:
    :path: ".symlinks/plugins/video_player_avfoundation/darwin"
  video_thumbnail:
    :path: ".symlinks/plugins/video_thumbnail/ios"
  wakelock_plus:
    :path: ".symlinks/plugins/wakelock_plus/ios"
  workmanager_apple:
    :path: ".symlinks/plugins/workmanager_apple/ios"

SPEC CHECKSUMS:
  app_links: 3dbc685f76b1693c66a6d9dd1e9ab6f73d97dc0a
  AppAuth: ef4da5a3fc2e10b90c09a0a94a9baeaedc0341d5
  AppCheckCore: e215d35177a9cf469927863e69c13e220df32a8b
  battery_plus: b42253f6d2dde71712f8c36fef456d99121c5977
  better_player_plus: 3d40145c650bb83dde08f0d593b21a144196769f
  Cache: 4ca7e00363fca5455f26534e5607634c820ffc2d
  CocoaLumberjack: e4ba3b414dfca8c1916c6303d37f63b3a95134c6
  connectivity_plus: cb623214f4e1f6ef8fe7403d580fdad517d2f7dd
  cupertino_native_better: 48a6a9cd45efc9ea9e1eec30755b5a8ebe92f1f2
  FBAEMKit: 56a4f5a9607957b547b6458b17a98c5bb2736367
  FBSDKCoreKit: 54f1240567e16862ab71c53c33dc347db5c524c5
  FBSDKCoreKit_Basics: eb530cd6a79030dbb11df460aafb2767bcad9028
  FBSDKLoginKit: 6a70798793e499335a98fab1a758d7da34af196e
  Firebase: 5523dd53ebe603451b4e1befcd99fa20a5c015cd
  firebase_analytics: eabab995ffa6e93bf1888e573eda3a8264c0f30f
  firebase_core: 22b31970001508f6e63945bedcb7b9de68819aa5
  firebase_crashlytics: f849aa211acedd808e8edc055d57d5aaeb7a2633
  FirebaseAnalytics: 651ecdc96c7dd8df0c15d55b6c6b70f78c2987b9
  FirebaseCore: 96787d19ee32dc2242cc487b301bc616afeb398b
  FirebaseCoreExtension: a86bab02524ca2bff95dddab7a3fcad505c2ddeb
  FirebaseCoreInternal: 93b2d5f9e184c6818a04433891c358b0720a6a38
  FirebaseCrashlytics: bd160cfa074ad21ed708a466e15d1928ded1642a
  FirebaseInstallations: 933b2747e8594084c9117b65e8358fce29d7ced7
  FirebaseRemoteConfigInterop: 3cbd659033c3129ea81a756a52e4bf1cfc20c3a7
  FirebaseSessions: 3eaac5fd8077513b95f9723efd940438e3e35fb2
  Flutter: cabc95a1d2626b1b06e7179b784ebcf0c0cde467
  flutter_facebook_auth: fa3b69b1df0831d2178fe87a05ee2d7d0156db70
  flutter_inappwebview_ios: b89ba3482b96fb25e00c967aae065701b66e9b99
  flutter_local_notifications: 643a3eda1ce1c0599413ca31672536d423dee214
  flutter_native_splash: c32d145d68aeda5502d5f543ee38c192065986cf
  flutter_secure_storage: 1ed9476fba7e7a782b22888f956cce43e2c62f13
  GCDWebServer: 2c156a56c8226e2d5c0c3f208a3621ccffbe3ce4
  google_sign_in_ios: 000870aa06da9b28d1d0bf7ef70ff0213059dd28
  GoogleAdsOnDeviceConversion: e3b71da24ff4cf01cf520756ac1c2b93c07b86ff
  GoogleAppMeasurement: d70df385587c4175fc0836c11e413d5cbcaa3c7b
  GoogleDataTransport: a24e58982ab3ba2f64d79613e027fe7f57e88539
  GoogleSignIn: e449a40a92e9f2eea56e98b5214d13725dc5a00a
  GoogleUtilities: 766ace00c6b10d8148408f329d10c4f051931850
  GTMAppAuth: 217a876b249c3c585a54fd6f73e6b58c4f5c4238
  GTMSessionFetcher: 5aea5ba6bd522a239e236100971f10cb71b96ab6
  HLSCachingReverseProxyServer: 59935e1e0244ad7f3375d75b5ef46e8eb26ab181
  image_cropper: 64567491beea6cd1bc4b11948e2babb590de5826
  image_picker_ios: e0ece4aa2a75771a7de3fa735d26d90817041326
  libwebp: af5937a13536ef73f3784d69cc342b98961acf33
  nanopb: fad817b59e0457d11a5dfbde799381cd727c1275
  OrderedSet: e539b66b644ff081c73a262d24ad552a69be3a94
  package_info_plus: af8e2ca6888548050f16fa2f1938db7b5a5df499
  path_provider_foundation: bb55f6dbba17d0dccd6737fe6f7f34fbd0376880
  permission_handler_apple: 92d754bbaa7361d436db2d6c3c1c2a0fdcec462e
  PINCache: d9a87a0ff397acffe9e2f0db972ac14680441158
  PINOperation: fb563bcc9c32c26d6c78aaff967d405aa2ee74a7
  PromisesObjC: 752c3227f599e3467650e47ea36f433eeb10c273
  PromisesSwift: 217dea0fd5d2ad65222a109c48698add13cc1c5b
  RecaptchaInterop: 11e0b637842dfb48308d242afc3f448062325aba
  rive_native: c8fbe631855835dc84f7d59befcdb43de3ac48d4
  share_plus: 50da8cb520a8f0f65671c6c6a99b3617ed10a58a
  shared_preferences_foundation: 7036424c3d8ec98dfe75ff1667cb0cd531ec82bb
  sqflite_darwin: 20b2a3a3b70e43edae938624ce550a3cbf66a3d0
  SVGKit: 1ad7513f8c74d9652f94ed64ddecda1a23864dea
  TOCropViewController: 797deaf39c90e6e9ddd848d88817f6b9a8a09888
  url_launcher_ios: 7a95fa5b60cc718a708b8f2966718e93db0cef1b
  video_player_avfoundation: 3453f792138786248960ca029747fcd9f318ef52
  video_thumbnail: b637e0ad5f588ca9945f6e2c927f73a69a661140
  wakelock_plus: e29112ab3ef0b318e58cfa5c32326458be66b556
  workmanager_apple: 1fc2a64e6a63ed3540fbb91b65f0c0d501881248

PODFILE CHECKSUM: 53a6aebc29ccee84c41f92f409fc20cd4ca011f1

COCOAPODS: 1.16.2
